// !$*UTF8*$!
{
	archiveVersion = 1;
	classes = {
	};
	objectVersion = 50;
	objects = {

/* Begin PBXBuildFile section */
		5594542925E628C4000F1BEE /* AppDelegate.swift in Sources */ = {isa = PBXBuildFile; fileRef = 5594542825E628C4000F1BEE /* AppDelegate.swift */; };
		5594542B25E628C4000F1BEE /* SceneDelegate.swift in Sources */ = {isa = PBXBuildFile; fileRef = 5594542A25E628C4000F1BEE /* SceneDelegate.swift */; };
		5594542D25E628C4000F1BEE /* ViewController.swift in Sources */ = {isa = PBXBuildFile; fileRef = 5594542C25E628C4000F1BEE /* ViewController.swift */; };
		5594543025E628C4000F1BEE /* Main.storyboard in Resources */ = {isa = PBXBuildFile; fileRef = 5594542E25E628C4000F1BEE /* Main.storyboard */; };
		5594543225E628C5000F1BEE /* Assets.xcassets in Resources */ = {isa = PBXBuildFile; fileRef = 5594543125E628C5000F1BEE /* Assets.xcassets */; };
		5594543525E628C5000F1BEE /* LaunchScreen.storyboard in Resources */ = {isa = PBXBuildFile; fileRef = 5594543325E628C5000F1BEE /* LaunchScreen.storyboard */; };
		5594543E25E62964000F1BEE /* ContentView.swift in Sources */ = {isa = PBXBuildFile; fileRef = 5594543D25E62964000F1BEE /* ContentView.swift */; };
/* End PBXBuildFile section */

/* Begin PBXFileReference section */
		5594542525E628C4000F1BEE /* SwiftUI Router UIKit.app */ = {isa = PBXFileReference; explicitFileType = wrapper.application; includeInIndex = 0; path = "SwiftUI Router UIKit.app"; sourceTree = BUILT_PRODUCTS_DIR; };
		5594542825E628C4000F1BEE /* AppDelegate.swift */ = {isa = PBXFileReference; lastKnownFileType = sourcecode.swift; path = AppDelegate.swift; sourceTree = "<group>"; };
		5594542A25E628C4000F1BEE /* SceneDelegate.swift */ = {isa = PBXFileReference; lastKnownFileType = sourcecode.swift; path = SceneDelegate.swift; sourceTree = "<group>"; };
		5594542C25E628C4000F1BEE /* ViewController.swift */ = {isa = PBXFileReference; lastKnownFileType = sourcecode.swift; path = ViewController.swift; sourceTree = "<group>"; };
		5594542F25E628C4000F1BEE /* Base */ = {isa = PBXFileReference; lastKnownFileType = file.storyboard; name = Base; path = Base.lproj/Main.storyboard; sourceTree = "<group>"; };
		5594543125E628C5000F1BEE /* Assets.xcassets */ = {isa = PBXFileReference; lastKnownFileType = folder.assetcatalog; path = Assets.xcassets; sourceTree = "<group>"; };
		5594543425E628C5000F1BEE /* Base */ = {isa = PBXFileReference; lastKnownFileType = file.storyboard; name = Base; path = Base.lproj/LaunchScreen.storyboard; sourceTree = "<group>"; };
		5594543625E628C5000F1BEE /* Info.plist */ = {isa = PBXFileReference; lastKnownFileType = text.plist.xml; path = Info.plist; sourceTree = "<group>"; };
		5594543D25E62964000F1BEE /* ContentView.swift */ = {isa = PBXFileReference; fileEncoding = 4; lastKnownFileType = sourcecode.swift; path = ContentView.swift; sourceTree = "<group>"; };
/* End PBXFileReference section */

/* Begin PBXFrameworksBuildPhase section */
		5594542225E628C4000F1BEE /* Frameworks */ = {
			isa = PBXFrameworksBuildPhase;
			buildActionMask = 2147483647;
			files = (
			);
			runOnlyForDeploymentPostprocessing = 0;
		};
/* End PBXFrameworksBuildPhase section */

/* Begin PBXGroup section */
		5594541C25E628C4000F1BEE = {
			isa = PBXGroup;
			children = (
				5594542725E628C4000F1BEE /* SwiftUI Router UIKit */,
				5594542625E628C4000F1BEE /* Products */,
			);
			sourceTree = "<group>";
		};
		5594542625E628C4000F1BEE /* Products */ = {
			isa = PBXGroup;
			children = (
				5594542525E628C4000F1BEE /* SwiftUI Router UIKit.app */,
			);
			name = Products;
			sourceTree = "<group>";
		};
		5594542725E628C4000F1BEE /* SwiftUI Router UIKit */ = {
			isa = PBXGroup;
			children = (
				5594542825E628C4000F1BEE /* AppDelegate.swift */,
				5594542A25E628C4000F1BEE /* SceneDelegate.swift */,
				5594542C25E628C4000F1BEE /* ViewController.swift */,
				5594543D25E62964000F1BEE /* ContentView.swift */,
				5594542E25E628C4000F1BEE /* Main.storyboard */,
				5594543125E628C5000F1BEE /* Assets.xcassets */,
				5594543325E628C5000F1BEE /* LaunchScreen.storyboard */,
				5594543625E628C5000F1BEE /* Info.plist */,
			);
			path = "SwiftUI Router UIKit";
			sourceTree = "<group>";
		};
/* End PBXGroup section */

/* Begin PBXNativeTarget section */
		5594542425E628C4000F1BEE /* SwiftUI Router UIKit */ = {
			isa = PBXNativeTarget;
			buildConfigurationList = 5594543925E628C5000F1BEE /* Build configuration list for PBXNativeTarget "SwiftUI Router UIKit" */;
			buildPhases = (
				5594542125E628C4000F1BEE /* Sources */,
				5594542225E628C4000F1BEE /* Frameworks */,
				5594542325E628C4000F1BEE /* Resources */,
			);
			buildRules = (
			);
			dependencies = (
			);
			name = "SwiftUI Router UIKit";
			productName = "SwiftUI Router UIKit";
			productReference = 5594542525E628C4000F1BEE /* SwiftUI Router UIKit.app */;
			productType = "com.apple.product-type.application";
		};
/* End PBXNativeTarget section */

/* Begin PBXProject section */
		5594541D25E628C4000F1BEE /* Project object */ = {
			isa = PBXProject;
			attributes = {
				LastSwiftUpdateCheck = 1240;
				LastUpgradeCheck = 1240;
				TargetAttributes = {
					5594542425E628C4000F1BEE = {
						CreatedOnToolsVersion = 12.4;
					};
				};
			};
			buildConfigurationList = 5594542025E628C4000F1BEE /* Build configuration list for PBXProject "SwiftUI Router UIKit" */;
			compatibilityVersion = "Xcode 9.3";
			developmentRegion = en;
			hasScannedForEncodings = 0;
			knownRegions = (
				en,
				Base,
			);
			mainGroup = 5594541C25E628C4000F1BEE;
			productRefGroup = 5594542625E628C4000F1BEE /* Products */;
			projectDirPath = "";
			projectRoot = "";
			targets = (
				5594542425E628C4000F1BEE /* SwiftUI Router UIKit */,
			);
		};
/* End PBXProject section */

/* Begin PBXResourcesBuildPhase section */
		5594542325E628C4000F1BEE /* Resources */ = {
			isa = PBXResourcesBuildPhase;
			buildActionMask = 2147483647;
			files = (
				5594543525E628C5000F1BEE /* LaunchScreen.storyboard in Resources */,
				5594543225E628C5000F1BEE /* Assets.xcassets in Resources */,
				5594543025E628C4000F1BEE /* Main.storyboard in Resources */,
			);
			runOnlyForDeploymentPostprocessing = 0;
		};
/* End PBXResourcesBuildPhase section */

/* Begin PBXSourcesBuildPhase section */
		5594542125E628C4000F1BEE /* Sources */ = {
			isa = PBXSourcesBuildPhase;
			buildActionMask = 2147483647;
			files = (
				5594542D25E628C4000F1BEE /* ViewController.swift in Sources */,
				5594542925E628C4000F1BEE /* AppDelegate.swift in Sources */,
				5594543E25E62964000F1BEE /* ContentView.swift in Sources */,
				5594542B25E628C4000F1BEE /* SceneDelegate.swift in Sources */,
			);
			runOnlyForDeploymentPostprocessing = 0;
		};
/* End PBXSourcesBuildPhase section */

/* Begin PBXVariantGroup section */
		5594542E25E628C4000F1BEE /* Main.storyboard */ = {
			isa = PBXVariantGroup;
			children = (
				5594542F25E628C4000F1BEE /* Base */,
			);
			name = Main.storyboard;
			sourceTree = "<group>";
		};
		5594543325E628C5000F1BEE /* LaunchScreen.storyboard */ = {
			isa = PBXVariantGroup;
			children = (
				5594543425E628C5000F1BEE /* Base */,
			);
			name = LaunchScreen.storyboard;
			sourceTree = "<group>";
		};
/* End PBXVariantGroup section */

/* Begin XCBuildConfiguration section */
		5594543725E628C5000F1BEE /* Debug */ = {
			isa = XCBuildConfiguration;
			buildSettings = {
				ALWAYS_SEARCH_USER_PATHS = NO;
				CLANG_ANALYZER_NONNULL = YES;
				CLANG_ANALYZER_NUMBER_OBJECT_CONVERSION = YES_AGGRESSIVE;
				CLANG_CXX_LANGUAGE_STANDARD = "gnu++14";
				CLANG_CXX_LIBRARY = "libc++";
				CLANG_ENABLE_MODULES = YES;
				CLANG_ENABLE_OBJC_ARC = YES;
				CLANG_ENABLE_OBJC_WEAK = YES;
				CLANG_WARN_BLOCK_CAPTURE_AUTORELEASING = YES;
				CLANG_WARN_BOOL_CONVERSION = YES;
				CLANG_WARN_COMMA = YES;
				CLANG_WARN_CONSTANT_CONVERSION = YES;
				CLANG_WARN_DEPRECATED_OBJC_IMPLEMENTATIONS = YES;
				CLANG_WARN_DIRECT_OBJC_ISA_USAGE = YES_ERROR;
				CLANG_WARN_DOCUMENTATION_COMMENTS = YES;
				CLANG_WARN_EMPTY_BODY = YES;
				CLANG_WARN_ENUM_CONVERSION = YES;
				CLANG_WARN_INFINITE_RECURSION = YES;
				CLANG_WARN_INT_CONVERSION = YES;
				CLANG_WARN_NON_LITERAL_NULL_CONVERSION = YES;
				CLANG_WARN_OBJC_IMPLICIT_RETAIN_SELF = YES;
				CLANG_WARN_OBJC_LITERAL_CONVERSION = YES;
				CLANG_WARN_OBJC_ROOT_CLASS = YES_ERROR;
				CLANG_WARN_QUOTED_INCLUDE_IN_FRAMEWORK_HEADER = YES;
				CLANG_WARN_RANGE_LOOP_ANALYSIS = YES;
				CLANG_WARN_STRICT_PROTOTYPES = YES;
				CLANG_WARN_SUSPICIOUS_MOVE = YES;
				CLANG_WARN_UNGUARDED_AVAILABILITY = YES_AGGRESSIVE;
				CLANG_WARN_UNREACHABLE_CODE = YES;
				CLANG_WARN__DUPLICATE_METHOD_MATCH = YES;
				COPY_PHASE_STRIP = NO;
				DEBUG_INFORMATION_FORMAT = dwarf;
				ENABLE_STRICT_OBJC_MSGSEND = YES;
				ENABLE_TESTABILITY = YES;
				GCC_C_LANGUAGE_STANDARD = gnu11;
				GCC_DYNAMIC_NO_PIC = NO;
				GCC_NO_COMMON_BLOCKS = YES;
				GCC_OPTIMIZATION_LEVEL = 0;
				GCC_PREPROCESSOR_DEFINITIONS = (
					"DEBUG=1",
					"$(inherited)",
				);
				GCC_WARN_64_TO_32_BIT_CONVERSION = YES;
				GCC_WARN_ABOUT_RETURN_TYPE = YES_ERROR;
				GCC_WARN_UNDECLARED_SELECTOR = YES;
				GCC_WARN_UNINITIALIZED_AUTOS = YES_AGGRESSIVE;
				GCC_WARN_UNUSED_FUNCTION = YES;
				GCC_WARN_UNUSED_VARIABLE = YES;
				IPHONEOS_DEPLOYMENT_TARGET = 14.4;
				MTL_ENABLE_DEBUG_INFO = INCLUDE_SOURCE;
				MTL_FAST_MATH = YES;
				ONLY_ACTIVE_ARCH = YES;
				SDKROOT = iphoneos;
				SWIFT_ACTIVE_COMPILATION_CONDITIONS = DEBUG;
				SWIFT_OPTIMIZATION_LEVEL = "-Onone";
			};
			name = Debug;
		};
		5594543825E628C5000F1BEE /* Release */ = {
			isa = XCBuildConfiguration;
			buildSettings = {
				ALWAYS_SEARCH_USER_PATHS = NO;
				CLANG_ANALYZER_NONNULL = YES;
				CLANG_ANALYZER_NUMBER_OBJECT_CONVERSION = YES_AGGRESSIVE;
				CLANG_CXX_LANGUAGE_STANDARD = "gnu++14";
				CLANG_CXX_LIBRARY = "libc++";
				CLANG_ENABLE_MODULES = YES;
				CLANG_ENABLE_OBJC_ARC = YES;
				CLANG_ENABLE_OBJC_WEAK = YES;
				CLANG_WARN_BLOCK_CAPTURE_AUTORELEASING = YES;
				CLANG_WARN_BOOL_CONVERSION = YES;
				CLANG_WARN_COMMA = YES;
				CLANG_WARN_CONSTANT_CONVERSION = YES;
				CLANG_WARN_DEPRECATED_OBJC_IMPLEMENTATIONS = YES;
				CLANG_WARN_DIRECT_OBJC_ISA_USAGE = YES_ERROR;
				CLANG_WARN_DOCUMENTATION_COMMENTS = YES;
				CLANG_WARN_EMPTY_BODY = YES;
				CLANG_WARN_ENUM_CONVERSION = YES;
				CLANG_WARN_INFINITE_RECURSION = YES;
				CLANG_WARN_INT_CONVERSION = YES;
				CLANG_WARN_NON_LITERAL_NULL_CONVERSION = YES;
				CLANG_WARN_OBJC_IMPLICIT_RETAIN_SELF = YES;
				CLANG_WARN_OBJC_LITERAL_CONVERSION = YES;
				CLANG_WARN_OBJC_ROOT_CLASS = YES_ERROR;
				CLANG_WARN_QUOTED_INCLUDE_IN_FRAMEWORK_HEADER = YES;
				CLANG_WARN_RANGE_LOOP_ANALYSIS = YES;
				CLANG_WARN_STRICT_PROTOTYPES = YES;
				CLANG_WARN_SUSPICIOUS_MOVE = YES;
				CLANG_WARN_UNGUARDED_AVAILABILITY = YES_AGGRESSIVE;
				CLANG_WARN_UNREACHABLE_CODE = YES;
				CLANG_WARN__DUPLICATE_METHOD_MATCH = YES;
				COPY_PHASE_STRIP = NO;
				DEBUG_INFORMATION_FORMAT = "dwarf-with-dsym";
				ENABLE_NS_ASSERTIONS = NO;
				ENABLE_STRICT_OBJC_MSGSEND = YES;
				GCC_C_LANGUAGE_STANDARD = gnu11;
				GCC_NO_COMMON_BLOCKS = YES;
				GCC_WARN_64_TO_32_BIT_CONVERSION = YES;
				GCC_WARN_ABOUT_RETURN_TYPE = YES_ERROR;
				GCC_WARN_UNDECLARED_SELECTOR = YES;
				GCC_WARN_UNINITIALIZED_AUTOS = YES_AGGRESSIVE;
				GCC_WARN_UNUSED_FUNCTION = YES;
				GCC_WARN_UNUSED_VARIABLE = YES;
				IPHONEOS_DEPLOYMENT_TARGET = 14.4;
				MTL_ENABLE_DEBUG_INFO = NO;
				MTL_FAST_MATH = YES;
				SDKROOT = iphoneos;
				SWIFT_COMPILATION_MODE = wholemodule;
				SWIFT_OPTIMIZATION_LEVEL = "-O";
				VALIDATE_PRODUCT = YES;
			};
			name = Release;
		};
		5594543A25E628C5000F1BEE /* Debug */ = {
			isa = XCBuildConfiguration;
			buildSettings = {
				ASSETCATALOG_COMPILER_APPICON_NAME = AppIcon;
				ASSETCATALOG_COMPILER_GLOBAL_ACCENT_COLOR_NAME = AccentColor;
				CODE_SIGN_STYLE = Automatic;
				DEVELOPMENT_TEAM = S4TQ2V3A5V;
				INFOPLIST_FILE = "SwiftUI Router UIKit/Info.plist";
				LD_RUNPATH_SEARCH_PATHS = (
					"$(inherited)",
					"@executable_path/Frameworks",
				);
				PRODUCT_BUNDLE_IDENTIFIER = "com.pyates.SwiftUI-Router-UIKit";
				PRODUCT_NAME = "$(TARGET_NAME)";
				SWIFT_VERSION = 5.0;
				TARGETED_DEVICE_FAMILY = "1,2";
			};
			name = Debug;
		};
		5594543B25E628C5000F1BEE /* Release */ = {
			isa = XCBuildConfiguration;
			buildSettings = {
				ASSETCATALOG_COMPILER_APPICON_NAME = AppIcon;
				ASSETCATALOG_COMPILER_GLOBAL_ACCENT_COLOR_NAME = AccentColor;
				CODE_SIGN_STYLE = Automatic;
				DEVELOPMENT_TEAM = S4TQ2V3A5V;
				INFOPLIST_FILE = "SwiftUI Router UIKit/Info.plist";
				LD_RUNPATH_SEARCH_PATHS = (
					"$(inherited)",
					"@executable_path/Frameworks",
				);
				PRODUCT_BUNDLE_IDENTIFIER = "com.pyates.SwiftUI-Router-UIKit";
				PRODUCT_NAME = "$(TARGET_NAME)";
				SWIFT_VERSION = 5.0;
				TARGETED_DEVICE_FAMILY = "1,2";
			};
			name = Release;
		};
/* End XCBuildConfiguration section */

/* Begin XCConfigurationList section */
		5594542025E628C4000F1BEE /* Build configuration list for PBXProject "SwiftUI Router UIKit" */ = {
			isa = XCConfigurationList;
			buildConfigurations = (
				5594543725E628C5000F1BEE /* Debug */,
				5594543825E628C5000F1BEE /* Release */,
			);
			defaultConfigurationIsVisible = 0;
			defaultConfigurationName = Release;
		};
		5594543925E628C5000F1BEE /* Build configuration list for PBXNativeTarget "SwiftUI Router UIKit" */ = {
			isa = XCConfigurationList;
			buildConfigurations = (
				5594543A25E628C5000F1BEE /* Debug */,
				5594543B25E628C5000F1BEE /* Release */,
			);
			defaultConfigurationIsVisible = 0;
			defaultConfigurationName = Release;
		};
/* End XCConfigurationList section */
	};
	rootObject = 5594541D25E628C4000F1BEE /* Project object */;
}
